
Microsoft Visual Studio Solution File, Format Version 12.00
# Visual Studio 2013
VisualStudioVersion = 12.0.21005.1
MinimumVisualStudioVersion = 10.0.40219.1
Project("{FAE04EC0-301F-11D3-BF4B-00C04F79EFBC}") = "Nutripocket", "Nutripocket\Nutripocket.csproj", "{57ADA5A8-86DD-44FE-9C38-0FDA87DADC67}"
EndProject
Project("{FAE04EC0-301F-11D3-BF4B-00C04F79EFBC}") = "Nutripocket.Tests", "Nutripocket.Tests\Nutripocket.Tests.csproj", "{4396F6EF-EEB4-46C3-AB90-74CD6EF70D47}"
EndProject
Global
	GlobalSection(SolutionConfigurationPlatforms) = preSolution
		Debug|Any CPU = Debug|Any CPU
		Release|Any CPU = Release|Any CPU
	EndGlobalSection
	GlobalSection(ProjectConfigurationPlatforms) = postSolution
		{57ADA5A8-86DD-44FE-9C38-0FDA87DADC67}.Debug|Any CPU.ActiveCfg = Debug|Any CPU
		{57ADA5A8-86DD-44FE-9C38-0FDA87DADC67}.Debug|Any CPU.Build.0 = Debug|Any CPU
		{57ADA5A8-86DD-44FE-9C38-0FDA87DADC67}.Release|Any CPU.ActiveCfg = Release|Any CPU
		{57ADA5A8-86DD-44FE-9C38-0FDA87DADC67}.Release|Any CPU.Build.0 = Release|Any CPU
		{4396F6EF-EEB4-46C3-AB90-74CD6EF70D47}.Debug|Any CPU.ActiveCfg = Debug|Any CPU
		{4396F6EF-EEB4-46C3-AB90-74CD6EF70D47}.Debug|Any CPU.Build.0 = Debug|Any CPU
		{4396F6EF-EEB4-46C3-AB90-74CD6EF70D47}.Release|Any CPU.ActiveCfg = Release|Any CPU
		{4396F6EF-EEB4-46C3-AB90-74CD6EF70D47}.Release|Any CPU.Build.0 = Release|Any CPU
	EndGlobalSection
	GlobalSection(SolutionProperties) = preSolution
		HideSolutionNode = FALSE
	EndGlobalSection
EndGlobal
